
Microsoft Visual Studio Solution File, Format Version 12.00
# Visual Studio for Mac
Project("{FAE04EC0-301F-11D3-BF4B-00C04F79EFBC}") = "Assembly-CSharp", "Assembly-CSharp.csproj", "{FB65B29F-28A4-B3FF-2409-A2B8713C6D72}"
EndProject
Project("{FAE04EC0-301F-11D3-BF4B-00C04F79EFBC}") = "Assembly-CSharp-Editor", "Assembly-CSharp-Editor.csproj", "{BABEF4EC-0E72-CBC5-AF9A-B2531ED55B0E}"
EndProject
Global
	GlobalSection(SolutionConfigurationPlatforms) = preSolution
		Debug|Any CPU = Debug|Any CPU
		Release|Any CPU = Release|Any CPU
	EndGlobalSection
	GlobalSection(ProjectConfigurationPlatforms) = postSolution
		{FB65B29F-28A4-B3FF-2409-A2B8713C6D72}.Debug|Any CPU.ActiveCfg = Debug|Any CPU
		{FB65B29F-28A4-B3FF-2409-A2B8713C6D72}.Debug|Any CPU.Build.0 = Debug|Any CPU
		{FB65B29F-28A4-B3FF-2409-A2B8713C6D72}.Release|Any CPU.ActiveCfg = Release|Any CPU
		{FB65B29F-28A4-B3FF-2409-A2B8713C6D72}.Release|Any CPU.Build.0 = Release|Any CPU
		{BABEF4EC-0E72-CBC5-AF9A-B2531ED55B0E}.Debug|Any CPU.ActiveCfg = Debug|Any CPU
		{BABEF4EC-0E72-CBC5-AF9A-B2531ED55B0E}.Debug|Any CPU.Build.0 = Debug|Any CPU
		{BABEF4EC-0E72-CBC5-AF9A-B2531ED55B0E}.Release|Any CPU.ActiveCfg = Release|Any CPU
		{BABEF4EC-0E72-CBC5-AF9A-B2531ED55B0E}.Release|Any CPU.Build.0 = Release|Any CPU
	EndGlobalSection
	GlobalSection(SolutionProperties) = preSolution
		HideSolutionNode = FALSE
	EndGlobalSection
EndGlobal
